
Microsoft Visual Studio Solution File, Format Version 12.00
# Visual Studio 15
VisualStudioVersion = 15.0.27703.2018
MinimumVisualStudioVersion = 10.0.40219.1
Project("{FAE04EC0-301F-11D3-BF4B-00C04F79EFBC}") = "Aksl.AzureStorage", "Aksl.AzureStorage\Aksl.AzureStorage.csproj", "{DA5B4B4E-A64C-4605-93DE-22A9B39DC340}"
EndProject
Global
	GlobalSection(SolutionConfigurationPlatforms) = preSolution
		Debug|Any CPU = Debug|Any CPU
		Release|Any CPU = Release|Any CPU
	EndGlobalSection
	GlobalSection(ProjectConfigurationPlatforms) = postSolution
		{DA5B4B4E-A64C-4605-93DE-22A9B39DC340}.Debug|Any CPU.ActiveCfg = Debug|Any CPU
		{DA5B4B4E-A64C-4605-93DE-22A9B39DC340}.Debug|Any CPU.Build.0 = Debug|Any CPU
		{DA5B4B4E-A64C-4605-93DE-22A9B39DC340}.Release|Any CPU.ActiveCfg = Release|Any CPU
		{DA5B4B4E-A64C-4605-93DE-22A9B39DC340}.Release|Any CPU.Build.0 = Release|Any CPU
	EndGlobalSection
	GlobalSection(SolutionProperties) = preSolution
		HideSolutionNode = FALSE
	EndGlobalSection
	GlobalSection(ExtensibilityGlobals) = postSolution
		SolutionGuid = {4E067DA0-6A74-4E82-ABA8-09C5D3416675}
	EndGlobalSection
EndGlobal
